// !$*UTF8*$!
{
	archiveVersion = 1;
	classes = {
	};
	objectVersion = 50;
	objects = {

/* Begin PBXBuildFile section */
		059A72AC24960513005ADD0F /* AppDelegate.swift in Sources */ = {isa = PBXBuildFile; fileRef = 059A72AB24960513005ADD0F /* AppDelegate.swift */; };
		059A72AE24960513005ADD0F /* SceneDelegate.swift in Sources */ = {isa = PBXBuildFile; fileRef = 059A72AD24960513005ADD0F /* SceneDelegate.swift */; };
		059A72B024960513005ADD0F /* ContentView.swift in Sources */ = {isa = PBXBuildFile; fileRef = 059A72AF24960513005ADD0F /* ContentView.swift */; };
		059A72B224960515005ADD0F /* Assets.xcassets in Resources */ = {isa = PBXBuildFile; fileRef = 059A72B124960515005ADD0F /* Assets.xcassets */; };
		059A72B524960515005ADD0F /* Preview Assets.xcassets in Resources */ = {isa = PBXBuildFile; fileRef = 059A72B424960515005ADD0F /* Preview Assets.xcassets */; };
		059A72B824960515005ADD0F /* LaunchScreen.storyboard in Resources */ = {isa = PBXBuildFile; fileRef = 059A72B624960515005ADD0F /* LaunchScreen.storyboard */; };
		059A72C024960533005ADD0F /* SpeechRecorder.swift in Sources */ = {isa = PBXBuildFile; fileRef = 059A72BF24960533005ADD0F /* SpeechRecorder.swift */; };
/* End PBXBuildFile section */

/* Begin PBXFileReference section */
		059A72A824960513005ADD0F /* VoiceToText.app */ = {isa = PBXFileReference; explicitFileType = wrapper.application; includeInIndex = 0; path = VoiceToText.app; sourceTree = BUILT_PRODUCTS_DIR; };
		059A72AB24960513005ADD0F /* AppDelegate.swift */ = {isa = PBXFileReference; lastKnownFileType = sourcecode.swift; path = AppDelegate.swift; sourceTree = "<group>"; };
		059A72AD24960513005ADD0F /* SceneDelegate.swift */ = {isa = PBXFileReference; lastKnownFileType = sourcecode.swift; path = SceneDelegate.swift; sourceTree = "<group>"; };
		059A72AF24960513005ADD0F /* ContentView.swift */ = {isa = PBXFileReference; lastKnownFileType = sourcecode.swift; path = ContentView.swift; sourceTree = "<group>"; };
		059A72B124960515005ADD0F /* Assets.xcassets */ = {isa = PBXFileReference; lastKnownFileType = folder.assetcatalog; path = Assets.xcassets; sourceTree = "<group>"; };
		059A72B424960515005ADD0F /* Preview Assets.xcassets */ = {isa = PBXFileReference; lastKnownFileType = folder.assetcatalog; path = "Preview Assets.xcassets"; sourceTree = "<group>"; };
		059A72B724960515005ADD0F /* Base */ = {isa = PBXFileReference; lastKnownFileType = file.storyboard; name = Base; path = Base.lproj/LaunchScreen.storyboard; sourceTree = "<group>"; };
		059A72B924960515005ADD0F /* Info.plist */ = {isa = PBXFileReference; lastKnownFileType = text.plist.xml; path = Info.plist; sourceTree = "<group>"; };
		059A72BF24960533005ADD0F /* SpeechRecorder.swift */ = {isa = PBXFileReference; lastKnownFileType = sourcecode.swift; path = SpeechRecorder.swift; sourceTree = "<group>"; };
/* End PBXFileReference section */

/* Begin PBXFrameworksBuildPhase section */
		059A72A524960513005ADD0F /* Frameworks */ = {
			isa = PBXFrameworksBuildPhase;
			buildActionMask = 2147483647;
			files = (
			);
			runOnlyForDeploymentPostprocessing = 0;
		};
/* End PBXFrameworksBuildPhase section */

/* Begin PBXGroup section */
		059A729F24960513005ADD0F = {
			isa = PBXGroup;
			children = (
				059A72AA24960513005ADD0F /* VoiceToText */,
				059A72A924960513005ADD0F /* Products */,
			);
			sourceTree = "<group>";
		};
		059A72A924960513005ADD0F /* Products */ = {
			isa = PBXGroup;
			children = (
				059A72A824960513005ADD0F /* VoiceToText.app */,
			);
			name = Products;
			sourceTree = "<group>";
		};
		059A72AA24960513005ADD0F /* VoiceToText */ = {
			isa = PBXGroup;
			children = (
				059A72AB24960513005ADD0F /* AppDelegate.swift */,
				059A72AD24960513005ADD0F /* SceneDelegate.swift */,
				059A72AF24960513005ADD0F /* ContentView.swift */,
				059A72BF24960533005ADD0F /* SpeechRecorder.swift */,
				059A72B124960515005ADD0F /* Assets.xcassets */,
				059A72B624960515005ADD0F /* LaunchScreen.storyboard */,
				059A72B924960515005ADD0F /* Info.plist */,
				059A72B324960515005ADD0F /* Preview Content */,
			);
			path = VoiceToText;
			sourceTree = "<group>";
		};
		059A72B324960515005ADD0F /* Preview Content */ = {
			isa = PBXGroup;
			children = (
				059A72B424960515005ADD0F /* Preview Assets.xcassets */,
			);
			path = "Preview Content";
			sourceTree = "<group>";
		};
/* End PBXGroup section */

/* Begin PBXNativeTarget section */
		059A72A724960513005ADD0F /* VoiceToText */ = {
			isa = PBXNativeTarget;
			buildConfigurationList = 059A72BC24960515005ADD0F /* Build configuration list for PBXNativeTarget "VoiceToText" */;
			buildPhases = (
				059A72A424960513005ADD0F /* Sources */,
				059A72A524960513005ADD0F /* Frameworks */,
				059A72A624960513005ADD0F /* Resources */,
			);
			buildRules = (
			);
			dependencies = (
			);
			name = VoiceToText;
			productName = VoiceToText;
			productReference = 059A72A824960513005ADD0F /* VoiceToText.app */;
			productType = "com.apple.product-type.application";
		};
/* End PBXNativeTarget section */

/* Begin PBXProject section */
		059A72A024960513005ADD0F /* Project object */ = {
			isa = PBXProject;
			attributes = {
				LastSwiftUpdateCheck = 1140;
				LastUpgradeCheck = 1140;
				ORGANIZATIONNAME = SERVERNOTE.NET;
				TargetAttributes = {
					059A72A724960513005ADD0F = {
						CreatedOnToolsVersion = 11.4.1;
					};
				};
			};
			buildConfigurationList = 059A72A324960513005ADD0F /* Build configuration list for PBXProject "VoiceToText" */;
			compatibilityVersion = "Xcode 9.3";
			developmentRegion = en;
			hasScannedForEncodings = 0;
			knownRegions = (
				en,
				Base,
			);
			mainGroup = 059A729F24960513005ADD0F;
			productRefGroup = 059A72A924960513005ADD0F /* Products */;
			projectDirPath = "";
			projectRoot = "";
			targets = (
				059A72A724960513005ADD0F /* VoiceToText */,
			);
		};
/* End PBXProject section */

/* Begin PBXResourcesBuildPhase section */
		059A72A624960513005ADD0F /* Resources */ = {
			isa = PBXResourcesBuildPhase;
			buildActionMask = 2147483647;
			files = (
				059A72B824960515005ADD0F /* LaunchScreen.storyboard in Resources */,
				059A72B524960515005ADD0F /* Preview Assets.xcassets in Resources */,
				059A72B224960515005ADD0F /* Assets.xcassets in Resources */,
			);
			runOnlyForDeploymentPostprocessing = 0;
		};
/* End PBXResourcesBuildPhase section */

/* Begin PBXSourcesBuildPhase section */
		059A72A424960513005ADD0F /* Sources */ = {
			isa = PBXSourcesBuildPhase;
			buildActionMask = 2147483647;
			files = (
				059A72AC24960513005ADD0F /* AppDelegate.swift in Sources */,
				059A72C024960533005ADD0F /* SpeechRecorder.swift in Sources */,
				059A72AE24960513005ADD0F /* SceneDelegate.swift in Sources */,
				059A72B024960513005ADD0F /* ContentView.swift in Sources */,
			);
			runOnlyForDeploymentPostprocessing = 0;
		};
/* End PBXSourcesBuildPhase section */

/* Begin PBXVariantGroup section */
		059A72B624960515005ADD0F /* LaunchScreen.storyboard */ = {
			isa = PBXVariantGroup;
			children = (
				059A72B724960515005ADD0F /* Base */,
			);
			name = LaunchScreen.storyboard;
			sourceTree = "<group>";
		};
/* End PBXVariantGroup section */

/* Begin XCBuildConfiguration section */
		059A72BA24960515005ADD0F /* Debug */ = {
			isa = XCBuildConfiguration;
			buildSettings = {
				ALWAYS_SEARCH_USER_PATHS = NO;
				CLANG_ANALYZER_NONNULL = YES;
				CLANG_ANALYZER_NUMBER_OBJECT_CONVERSION = YES_AGGRESSIVE;
				CLANG_CXX_LANGUAGE_STANDARD = "gnu++14";
				CLANG_CXX_LIBRARY = "libc++";
				CLANG_ENABLE_MODULES = YES;
				CLANG_ENABLE_OBJC_ARC = YES;
				CLANG_ENABLE_OBJC_WEAK = YES;
				CLANG_WARN_BLOCK_CAPTURE_AUTORELEASING = YES;
				CLANG_WARN_BOOL_CONVERSION = YES;
				CLANG_WARN_COMMA = YES;
				CLANG_WARN_CONSTANT_CONVERSION = YES;
				CLANG_WARN_DEPRECATED_OBJC_IMPLEMENTATIONS = YES;
				CLANG_WARN_DIRECT_OBJC_ISA_USAGE = YES_ERROR;
				CLANG_WARN_DOCUMENTATION_COMMENTS = YES;
				CLANG_WARN_EMPTY_BODY = YES;
				CLANG_WARN_ENUM_CONVERSION = YES;
				CLANG_WARN_INFINITE_RECURSION = YES;
				CLANG_WARN_INT_CONVERSION = YES;
				CLANG_WARN_NON_LITERAL_NULL_CONVERSION = YES;
				CLANG_WARN_OBJC_IMPLICIT_RETAIN_SELF = YES;
				CLANG_WARN_OBJC_LITERAL_CONVERSION = YES;
				CLANG_WARN_OBJC_ROOT_CLASS = YES_ERROR;
				CLANG_WARN_RANGE_LOOP_ANALYSIS = YES;
				CLANG_WARN_STRICT_PROTOTYPES = YES;
				CLANG_WARN_SUSPICIOUS_MOVE = YES;
				CLANG_WARN_UNGUARDED_AVAILABILITY = YES_AGGRESSIVE;
				CLANG_WARN_UNREACHABLE_CODE = YES;
				CLANG_WARN__DUPLICATE_METHOD_MATCH = YES;
				COPY_PHASE_STRIP = NO;
				DEBUG_INFORMATION_FORMAT = dwarf;
				ENABLE_STRICT_OBJC_MSGSEND = YES;
				ENABLE_TESTABILITY = YES;
				GCC_C_LANGUAGE_STANDARD = gnu11;
				GCC_DYNAMIC_NO_PIC = NO;
				GCC_NO_COMMON_BLOCKS = YES;
				GCC_OPTIMIZATION_LEVEL = 0;
				GCC_PREPROCESSOR_DEFINITIONS = (
					"DEBUG=1",
					"$(inherited)",
				);
				GCC_WARN_64_TO_32_BIT_CONVERSION = YES;
				GCC_WARN_ABOUT_RETURN_TYPE = YES_ERROR;
				GCC_WARN_UNDECLARED_SELECTOR = YES;
				GCC_WARN_UNINITIALIZED_AUTOS = YES_AGGRESSIVE;
				GCC_WARN_UNUSED_FUNCTION = YES;
				GCC_WARN_UNUSED_VARIABLE = YES;
				IPHONEOS_DEPLOYMENT_TARGET = 13.4;
				MTL_ENABLE_DEBUG_INFO = INCLUDE_SOURCE;
				MTL_FAST_MATH = YES;
				ONLY_ACTIVE_ARCH = YES;
				SDKROOT = iphoneos;
				SWIFT_ACTIVE_COMPILATION_CONDITIONS = DEBUG;
				SWIFT_OPTIMIZATION_LEVEL = "-Onone";
			};
			name = Debug;
		};
		059A72BB24960515005ADD0F /* Release */ = {
			isa = XCBuildConfiguration;
			buildSettings = {
				ALWAYS_SEARCH_USER_PATHS = NO;
				CLANG_ANALYZER_NONNULL = YES;
				CLANG_ANALYZER_NUMBER_OBJECT_CONVERSION = YES_AGGRESSIVE;
				CLANG_CXX_LANGUAGE_STANDARD = "gnu++14";
				CLANG_CXX_LIBRARY = "libc++";
				CLANG_ENABLE_MODULES = YES;
				CLANG_ENABLE_OBJC_ARC = YES;
				CLANG_ENABLE_OBJC_WEAK = YES;
				CLANG_WARN_BLOCK_CAPTURE_AUTORELEASING = YES;
				CLANG_WARN_BOOL_CONVERSION = YES;
				CLANG_WARN_COMMA = YES;
				CLANG_WARN_CONSTANT_CONVERSION = YES;
				CLANG_WARN_DEPRECATED_OBJC_IMPLEMENTATIONS = YES;
				CLANG_WARN_DIRECT_OBJC_ISA_USAGE = YES_ERROR;
				CLANG_WARN_DOCUMENTATION_COMMENTS = YES;
				CLANG_WARN_EMPTY_BODY = YES;
				CLANG_WARN_ENUM_CONVERSION = YES;
				CLANG_WARN_INFINITE_RECURSION = YES;
				CLANG_WARN_INT_CONVERSION = YES;
				CLANG_WARN_NON_LITERAL_NULL_CONVERSION = YES;
				CLANG_WARN_OBJC_IMPLICIT_RETAIN_SELF = YES;
				CLANG_WARN_OBJC_LITERAL_CONVERSION = YES;
				CLANG_WARN_OBJC_ROOT_CLASS = YES_ERROR;
				CLANG_WARN_RANGE_LOOP_ANALYSIS = YES;
				CLANG_WARN_STRICT_PROTOTYPES = YES;
				CLANG_WARN_SUSPICIOUS_MOVE = YES;
				CLANG_WARN_UNGUARDED_AVAILABILITY = YES_AGGRESSIVE;
				CLANG_WARN_UNREACHABLE_CODE = YES;
				CLANG_WARN__DUPLICATE_METHOD_MATCH = YES;
				COPY_PHASE_STRIP = NO;
				DEBUG_INFORMATION_FORMAT = "dwarf-with-dsym";
				ENABLE_NS_ASSERTIONS = NO;
				ENABLE_STRICT_OBJC_MSGSEND = YES;
				GCC_C_LANGUAGE_STANDARD = gnu11;
				GCC_NO_COMMON_BLOCKS = YES;
				GCC_WARN_64_TO_32_BIT_CONVERSION = YES;
				GCC_WARN_ABOUT_RETURN_TYPE = YES_ERROR;
				GCC_WARN_UNDECLARED_SELECTOR = YES;
				GCC_WARN_UNINITIALIZED_AUTOS = YES_AGGRESSIVE;
				GCC_WARN_UNUSED_FUNCTION = YES;
				GCC_WARN_UNUSED_VARIABLE = YES;
				IPHONEOS_DEPLOYMENT_TARGET = 13.4;
				MTL_ENABLE_DEBUG_INFO = NO;
				MTL_FAST_MATH = YES;
				SDKROOT = iphoneos;
				SWIFT_COMPILATION_MODE = wholemodule;
				SWIFT_OPTIMIZATION_LEVEL = "-O";
				VALIDATE_PRODUCT = YES;
			};
			name = Release;
		};
		059A72BD24960515005ADD0F /* Debug */ = {
			isa = XCBuildConfiguration;
			buildSettings = {
				ASSETCATALOG_COMPILER_APPICON_NAME = AppIcon;
				CODE_SIGN_STYLE = Automatic;
				DEVELOPMENT_ASSET_PATHS = "\"VoiceToText/Preview Content\"";
				DEVELOPMENT_TEAM = QQUJPWWGST;
				ENABLE_PREVIEWS = YES;
				INFOPLIST_FILE = VoiceToText/Info.plist;
				LD_RUNPATH_SEARCH_PATHS = (
					"$(inherited)",
					"@executable_path/Frameworks",
				);
				PRODUCT_BUNDLE_IDENTIFIER = net.servernote.VoiceToText;
				PRODUCT_NAME = "$(TARGET_NAME)";
				SWIFT_VERSION = 5.0;
				TARGETED_DEVICE_FAMILY = "1,2";
			};
			name = Debug;
		};
		059A72BE24960515005ADD0F /* Release */ = {
			isa = XCBuildConfiguration;
			buildSettings = {
				ASSETCATALOG_COMPILER_APPICON_NAME = AppIcon;
				CODE_SIGN_STYLE = Automatic;
				DEVELOPMENT_ASSET_PATHS = "\"VoiceToText/Preview Content\"";
				DEVELOPMENT_TEAM = QQUJPWWGST;
				ENABLE_PREVIEWS = YES;
				INFOPLIST_FILE = VoiceToText/Info.plist;
				LD_RUNPATH_SEARCH_PATHS = (
					"$(inherited)",
					"@executable_path/Frameworks",
				);
				PRODUCT_BUNDLE_IDENTIFIER = net.servernote.VoiceToText;
				PRODUCT_NAME = "$(TARGET_NAME)";
				SWIFT_VERSION = 5.0;
				TARGETED_DEVICE_FAMILY = "1,2";
			};
			name = Release;
		};
/* End XCBuildConfiguration section */

/* Begin XCConfigurationList section */
		059A72A324960513005ADD0F /* Build configuration list for PBXProject "VoiceToText" */ = {
			isa = XCConfigurationList;
			buildConfigurations = (
				059A72BA24960515005ADD0F /* Debug */,
				059A72BB24960515005ADD0F /* Release */,
			);
			defaultConfigurationIsVisible = 0;
			defaultConfigurationName = Release;
		};
		059A72BC24960515005ADD0F /* Build configuration list for PBXNativeTarget "VoiceToText" */ = {
			isa = XCConfigurationList;
			buildConfigurations = (
				059A72BD24960515005ADD0F /* Debug */,
				059A72BE24960515005ADD0F /* Release */,
			);
			defaultConfigurationIsVisible = 0;
			defaultConfigurationName = Release;
		};
/* End XCConfigurationList section */
	};
	rootObject = 059A72A024960513005ADD0F /* Project object */;
}
